
Microsoft Visual Studio Solution File, Format Version 12.00
# Visual Studio 14
VisualStudioVersion = 14.0.24720.0
MinimumVisualStudioVersion = 10.0.40219.1
Project("{8BC9CEB8-8B4A-11D0-8D11-00A0C91BC942}") = "steersim", "steersim.vcxproj", "{0FD0A957-1D32-034D-9B85-CDE509EDD69C}"
	ProjectSection(ProjectDependencies) = postProject
		{F3E1DB40-1F10-E84D-A458-F4DA36CD6F37} = {F3E1DB40-1F10-E84D-A458-F4DA36CD6F37}
		{51D5EF56-CFDD-294F-A46D-36D27F2D9F3A} = {51D5EF56-CFDD-294F-A46D-36D27F2D9F3A}
		{856E64A2-1793-0C4A-A38F-6540D51AA2EF} = {856E64A2-1793-0C4A-A38F-6540D51AA2EF}
		{59EDCDFD-D887-7143-9BFC-DB4050720275} = {59EDCDFD-D887-7143-9BFC-DB4050720275}
	EndProjectSection
EndProject
Project("{8BC9CEB8-8B4A-11D0-8D11-00A0C91BC942}") = "steersimlib", "steersimlib.vcxproj", "{51D5EF56-CFDD-294F-A46D-36D27F2D9F3A}"
	ProjectSection(ProjectDependencies) = postProject
		{F3E1DB40-1F10-E84D-A458-F4DA36CD6F37} = {F3E1DB40-1F10-E84D-A458-F4DA36CD6F37}
		{856E64A2-1793-0C4A-A38F-6540D51AA2EF} = {856E64A2-1793-0C4A-A38F-6540D51AA2EF}
		{59EDCDFD-D887-7143-9BFC-DB4050720275} = {59EDCDFD-D887-7143-9BFC-DB4050720275}
	EndProjectSection
EndProject
Project("{8BC9CEB8-8B4A-11D0-8D11-00A0C91BC942}") = "tinyxml", "tinyxml.vcxproj", "{469DFB37-32EB-4941-8C5B-93EFC35332D4}"
EndProject
Project("{8BC9CEB8-8B4A-11D0-8D11-00A0C91BC942}") = "util", "util.vcxproj", "{856E64A2-1793-0C4A-A38F-6540D51AA2EF}"
EndProject
Project("{8BC9CEB8-8B4A-11D0-8D11-00A0C91BC942}") = "steerlib", "steerlib.vcxproj", "{F3E1DB40-1F10-E84D-A458-F4DA36CD6F37}"
	ProjectSection(ProjectDependencies) = postProject
		{856E64A2-1793-0C4A-A38F-6540D51AA2EF} = {856E64A2-1793-0C4A-A38F-6540D51AA2EF}
	EndProjectSection
EndProject
Project("{8BC9CEB8-8B4A-11D0-8D11-00A0C91BC942}") = "glfw", "glfw.vcxproj", "{59EDCDFD-D887-7143-9BFC-DB4050720275}"
EndProject
Project("{8BC9CEB8-8B4A-11D0-8D11-00A0C91BC942}") = "simpleAI", "simpleAI.vcxproj", "{48B44B91-F33C-4442-BBA6-061C8E339CAA}"
	ProjectSection(ProjectDependencies) = postProject
		{856E64A2-1793-0C4A-A38F-6540D51AA2EF} = {856E64A2-1793-0C4A-A38F-6540D51AA2EF}
		{F3E1DB40-1F10-E84D-A458-F4DA36CD6F37} = {F3E1DB40-1F10-E84D-A458-F4DA36CD6F37}
	EndProjectSection
EndProject
Project("{8BC9CEB8-8B4A-11D0-8D11-00A0C91BC942}") = "sfAI", "sfAI.vcxproj", "{95BC738C-5EDD-5740-AE19-C667024A8578}"
	ProjectSection(ProjectDependencies) = postProject
		{F3E1DB40-1F10-E84D-A458-F4DA36CD6F37} = {F3E1DB40-1F10-E84D-A458-F4DA36CD6F37}
		{856E64A2-1793-0C4A-A38F-6540D51AA2EF} = {856E64A2-1793-0C4A-A38F-6540D51AA2EF}
	EndProjectSection
EndProject
Project("{8BC9CEB8-8B4A-11D0-8D11-00A0C91BC942}") = "rvo2dAI", "rvo2dAI.vcxproj", "{6358949C-D9D0-A543-B26C-52BFBC5C0D05}"
	ProjectSection(ProjectDependencies) = postProject
		{F3E1DB40-1F10-E84D-A458-F4DA36CD6F37} = {F3E1DB40-1F10-E84D-A458-F4DA36CD6F37}
		{856E64A2-1793-0C4A-A38F-6540D51AA2EF} = {856E64A2-1793-0C4A-A38F-6540D51AA2EF}
	EndProjectSection
EndProject
Project("{8BC9CEB8-8B4A-11D0-8D11-00A0C91BC942}") = "pprAI", "pprAI.vcxproj", "{B77E79BB-1120-454A-885F-05DB25EADEAF}"
	ProjectSection(ProjectDependencies) = postProject
		{F3E1DB40-1F10-E84D-A458-F4DA36CD6F37} = {F3E1DB40-1F10-E84D-A458-F4DA36CD6F37}
		{856E64A2-1793-0C4A-A38F-6540D51AA2EF} = {856E64A2-1793-0C4A-A38F-6540D51AA2EF}
	EndProjectSection
EndProject
Project("{8BC9CEB8-8B4A-11D0-8D11-00A0C91BC942}") = "kdtree", "kdtree.vcxproj", "{D5D44460-02C8-084A-8108-23BD0252F57C}"
	ProjectSection(ProjectDependencies) = postProject
		{F3E1DB40-1F10-E84D-A458-F4DA36CD6F37} = {F3E1DB40-1F10-E84D-A458-F4DA36CD6F37}
		{856E64A2-1793-0C4A-A38F-6540D51AA2EF} = {856E64A2-1793-0C4A-A38F-6540D51AA2EF}
	EndProjectSection
EndProject
Project("{8BC9CEB8-8B4A-11D0-8D11-00A0C91BC942}") = "Recast", "Recast.vcxproj", "{60D196FA-27D0-CF40-A0C7-CBB4DFA4851D}"
	ProjectSection(ProjectDependencies) = postProject
		{F3E1DB40-1F10-E84D-A458-F4DA36CD6F37} = {F3E1DB40-1F10-E84D-A458-F4DA36CD6F37}
		{856E64A2-1793-0C4A-A38F-6540D51AA2EF} = {856E64A2-1793-0C4A-A38F-6540D51AA2EF}
	EndProjectSection
EndProject
Project("{8BC9CEB8-8B4A-11D0-8D11-00A0C91BC942}") = "DebugUtils", "DebugUtils.vcxproj", "{FDAAD5A7-19BB-3D40-9C54-6ED92CD149F4}"
	ProjectSection(ProjectDependencies) = postProject
		{60D196FA-27D0-CF40-A0C7-CBB4DFA4851D} = {60D196FA-27D0-CF40-A0C7-CBB4DFA4851D}
		{20EDC325-FD1C-CB4D-A0BF-0FBC104E1EA5} = {20EDC325-FD1C-CB4D-A0BF-0FBC104E1EA5}
	EndProjectSection
EndProject
Project("{8BC9CEB8-8B4A-11D0-8D11-00A0C91BC942}") = "Detour", "Detour.vcxproj", "{20EDC325-FD1C-CB4D-A0BF-0FBC104E1EA5}"
	ProjectSection(ProjectDependencies) = postProject
		{60D196FA-27D0-CF40-A0C7-CBB4DFA4851D} = {60D196FA-27D0-CF40-A0C7-CBB4DFA4851D}
	EndProjectSection
EndProject
Project("{8BC9CEB8-8B4A-11D0-8D11-00A0C91BC942}") = "DetourCrowd", "DetourCrowd.vcxproj", "{DFBB56BE-88FE-6F41-8A4F-66C529F048F6}"
	ProjectSection(ProjectDependencies) = postProject
		{60D196FA-27D0-CF40-A0C7-CBB4DFA4851D} = {60D196FA-27D0-CF40-A0C7-CBB4DFA4851D}
		{20EDC325-FD1C-CB4D-A0BF-0FBC104E1EA5} = {20EDC325-FD1C-CB4D-A0BF-0FBC104E1EA5}
	EndProjectSection
EndProject
Project("{8BC9CEB8-8B4A-11D0-8D11-00A0C91BC942}") = "navmesh", "navmesh.vcxproj", "{A55DD41A-89CF-4849-BE59-831D27D36186}"
	ProjectSection(ProjectDependencies) = postProject
		{F3E1DB40-1F10-E84D-A458-F4DA36CD6F37} = {F3E1DB40-1F10-E84D-A458-F4DA36CD6F37}
		{51D5EF56-CFDD-294F-A46D-36D27F2D9F3A} = {51D5EF56-CFDD-294F-A46D-36D27F2D9F3A}
		{856E64A2-1793-0C4A-A38F-6540D51AA2EF} = {856E64A2-1793-0C4A-A38F-6540D51AA2EF}
		{60D196FA-27D0-CF40-A0C7-CBB4DFA4851D} = {60D196FA-27D0-CF40-A0C7-CBB4DFA4851D}
		{FDAAD5A7-19BB-3D40-9C54-6ED92CD149F4} = {FDAAD5A7-19BB-3D40-9C54-6ED92CD149F4}
		{20EDC325-FD1C-CB4D-A0BF-0FBC104E1EA5} = {20EDC325-FD1C-CB4D-A0BF-0FBC104E1EA5}
		{DFBB56BE-88FE-6F41-8A4F-66C529F048F6} = {DFBB56BE-88FE-6F41-8A4F-66C529F048F6}
	EndProjectSection
EndProject
Project("{8BC9CEB8-8B4A-11D0-8D11-00A0C91BC942}") = "steerbench", "steerbench.vcxproj", "{F4E2DA48-931B-8242-B1DA-2B5D4F0DC196}"
	ProjectSection(ProjectDependencies) = postProject
		{F3E1DB40-1F10-E84D-A458-F4DA36CD6F37} = {F3E1DB40-1F10-E84D-A458-F4DA36CD6F37}
		{856E64A2-1793-0C4A-A38F-6540D51AA2EF} = {856E64A2-1793-0C4A-A38F-6540D51AA2EF}
		{59EDCDFD-D887-7143-9BFC-DB4050720275} = {59EDCDFD-D887-7143-9BFC-DB4050720275}
	EndProjectSection
EndProject
Global
	GlobalSection(SolutionConfigurationPlatforms) = preSolution
		Debug|Win32 = Debug|Win32
		Debug|x64 = Debug|x64
		Release|Win32 = Release|Win32
		Release|x64 = Release|x64
	EndGlobalSection
	GlobalSection(ProjectConfigurationPlatforms) = postSolution
		{0FD0A957-1D32-034D-9B85-CDE509EDD69C}.Debug|Win32.ActiveCfg = Debug|Win32
		{0FD0A957-1D32-034D-9B85-CDE509EDD69C}.Debug|Win32.Build.0 = Debug|Win32
		{0FD0A957-1D32-034D-9B85-CDE509EDD69C}.Debug|x64.ActiveCfg = Debug|x64
		{0FD0A957-1D32-034D-9B85-CDE509EDD69C}.Debug|x64.Build.0 = Debug|x64
		{0FD0A957-1D32-034D-9B85-CDE509EDD69C}.Release|Win32.ActiveCfg = Release|Win32
		{0FD0A957-1D32-034D-9B85-CDE509EDD69C}.Release|Win32.Build.0 = Release|Win32
		{0FD0A957-1D32-034D-9B85-CDE509EDD69C}.Release|x64.ActiveCfg = Release|x64
		{0FD0A957-1D32-034D-9B85-CDE509EDD69C}.Release|x64.Build.0 = Release|x64
		{51D5EF56-CFDD-294F-A46D-36D27F2D9F3A}.Debug|Win32.ActiveCfg = Debug|Win32
		{51D5EF56-CFDD-294F-A46D-36D27F2D9F3A}.Debug|Win32.Build.0 = Debug|Win32
		{51D5EF56-CFDD-294F-A46D-36D27F2D9F3A}.Debug|x64.ActiveCfg = Debug|x64
		{51D5EF56-CFDD-294F-A46D-36D27F2D9F3A}.Debug|x64.Build.0 = Debug|x64
		{51D5EF56-CFDD-294F-A46D-36D27F2D9F3A}.Release|Win32.ActiveCfg = Release|Win32
		{51D5EF56-CFDD-294F-A46D-36D27F2D9F3A}.Release|Win32.Build.0 = Release|Win32
		{51D5EF56-CFDD-294F-A46D-36D27F2D9F3A}.Release|x64.ActiveCfg = Release|x64
		{51D5EF56-CFDD-294F-A46D-36D27F2D9F3A}.Release|x64.Build.0 = Release|x64
		{469DFB37-32EB-4941-8C5B-93EFC35332D4}.Debug|Win32.ActiveCfg = Debug|Win32
		{469DFB37-32EB-4941-8C5B-93EFC35332D4}.Debug|Win32.Build.0 = Debug|Win32
		{469DFB37-32EB-4941-8C5B-93EFC35332D4}.Debug|x64.ActiveCfg = Debug|x64
		{469DFB37-32EB-4941-8C5B-93EFC35332D4}.Debug|x64.Build.0 = Debug|x64
		{469DFB37-32EB-4941-8C5B-93EFC35332D4}.Release|Win32.ActiveCfg = Release|Win32
		{469DFB37-32EB-4941-8C5B-93EFC35332D4}.Release|Win32.Build.0 = Release|Win32
		{469DFB37-32EB-4941-8C5B-93EFC35332D4}.Release|x64.ActiveCfg = Release|x64
		{469DFB37-32EB-4941-8C5B-93EFC35332D4}.Release|x64.Build.0 = Release|x64
		{856E64A2-1793-0C4A-A38F-6540D51AA2EF}.Debug|Win32.ActiveCfg = Debug|Win32
		{856E64A2-1793-0C4A-A38F-6540D51AA2EF}.Debug|Win32.Build.0 = Debug|Win32
		{856E64A2-1793-0C4A-A38F-6540D51AA2EF}.Debug|x64.ActiveCfg = Debug|x64
		{856E64A2-1793-0C4A-A38F-6540D51AA2EF}.Debug|x64.Build.0 = Debug|x64
		{856E64A2-1793-0C4A-A38F-6540D51AA2EF}.Release|Win32.ActiveCfg = Release|Win32
		{856E64A2-1793-0C4A-A38F-6540D51AA2EF}.Release|Win32.Build.0 = Release|Win32
		{856E64A2-1793-0C4A-A38F-6540D51AA2EF}.Release|x64.ActiveCfg = Release|x64
		{856E64A2-1793-0C4A-A38F-6540D51AA2EF}.Release|x64.Build.0 = Release|x64
		{F3E1DB40-1F10-E84D-A458-F4DA36CD6F37}.Debug|Win32.ActiveCfg = Debug|Win32
		{F3E1DB40-1F10-E84D-A458-F4DA36CD6F37}.Debug|Win32.Build.0 = Debug|Win32
		{F3E1DB40-1F10-E84D-A458-F4DA36CD6F37}.Debug|x64.ActiveCfg = Debug|x64
		{F3E1DB40-1F10-E84D-A458-F4DA36CD6F37}.Debug|x64.Build.0 = Debug|x64
		{F3E1DB40-1F10-E84D-A458-F4DA36CD6F37}.Release|Win32.ActiveCfg = Release|Win32
		{F3E1DB40-1F10-E84D-A458-F4DA36CD6F37}.Release|Win32.Build.0 = Release|Win32
		{F3E1DB40-1F10-E84D-A458-F4DA36CD6F37}.Release|x64.ActiveCfg = Release|x64
		{F3E1DB40-1F10-E84D-A458-F4DA36CD6F37}.Release|x64.Build.0 = Release|x64
		{59EDCDFD-D887-7143-9BFC-DB4050720275}.Debug|Win32.ActiveCfg = Debug|Win32
		{59EDCDFD-D887-7143-9BFC-DB4050720275}.Debug|Win32.Build.0 = Debug|Win32
		{59EDCDFD-D887-7143-9BFC-DB4050720275}.Debug|x64.ActiveCfg = Debug|x64
		{59EDCDFD-D887-7143-9BFC-DB4050720275}.Debug|x64.Build.0 = Debug|x64
		{59EDCDFD-D887-7143-9BFC-DB4050720275}.Release|Win32.ActiveCfg = Release|Win32
		{59EDCDFD-D887-7143-9BFC-DB4050720275}.Release|Win32.Build.0 = Release|Win32
		{59EDCDFD-D887-7143-9BFC-DB4050720275}.Release|x64.ActiveCfg = Release|x64
		{59EDCDFD-D887-7143-9BFC-DB4050720275}.Release|x64.Build.0 = Release|x64
		{48B44B91-F33C-4442-BBA6-061C8E339CAA}.Debug|Win32.ActiveCfg = Debug|Win32
		{48B44B91-F33C-4442-BBA6-061C8E339CAA}.Debug|Win32.Build.0 = Debug|Win32
		{48B44B91-F33C-4442-BBA6-061C8E339CAA}.Debug|x64.ActiveCfg = Debug|x64
		{48B44B91-F33C-4442-BBA6-061C8E339CAA}.Debug|x64.Build.0 = Debug|x64
		{48B44B91-F33C-4442-BBA6-061C8E339CAA}.Release|Win32.ActiveCfg = Release|Win32
		{48B44B91-F33C-4442-BBA6-061C8E339CAA}.Release|Win32.Build.0 = Release|Win32
		{48B44B91-F33C-4442-BBA6-061C8E339CAA}.Release|x64.ActiveCfg = Release|x64
		{48B44B91-F33C-4442-BBA6-061C8E339CAA}.Release|x64.Build.0 = Release|x64
		{95BC738C-5EDD-5740-AE19-C667024A8578}.Debug|Win32.ActiveCfg = Debug|Win32
		{95BC738C-5EDD-5740-AE19-C667024A8578}.Debug|Win32.Build.0 = Debug|Win32
		{95BC738C-5EDD-5740-AE19-C667024A8578}.Debug|x64.ActiveCfg = Debug|x64
		{95BC738C-5EDD-5740-AE19-C667024A8578}.Debug|x64.Build.0 = Debug|x64
		{95BC738C-5EDD-5740-AE19-C667024A8578}.Release|Win32.ActiveCfg = Release|Win32
		{95BC738C-5EDD-5740-AE19-C667024A8578}.Release|Win32.Build.0 = Release|Win32
		{95BC738C-5EDD-5740-AE19-C667024A8578}.Release|x64.ActiveCfg = Release|x64
		{95BC738C-5EDD-5740-AE19-C667024A8578}.Release|x64.Build.0 = Release|x64
		{6358949C-D9D0-A543-B26C-52BFBC5C0D05}.Debug|Win32.ActiveCfg = Debug|Win32
		{6358949C-D9D0-A543-B26C-52BFBC5C0D05}.Debug|Win32.Build.0 = Debug|Win32
		{6358949C-D9D0-A543-B26C-52BFBC5C0D05}.Debug|x64.ActiveCfg = Debug|x64
		{6358949C-D9D0-A543-B26C-52BFBC5C0D05}.Debug|x64.Build.0 = Debug|x64
		{6358949C-D9D0-A543-B26C-52BFBC5C0D05}.Release|Win32.ActiveCfg = Release|Win32
		{6358949C-D9D0-A543-B26C-52BFBC5C0D05}.Release|Win32.Build.0 = Release|Win32
		{6358949C-D9D0-A543-B26C-52BFBC5C0D05}.Release|x64.ActiveCfg = Release|x64
		{6358949C-D9D0-A543-B26C-52BFBC5C0D05}.Release|x64.Build.0 = Release|x64
		{B77E79BB-1120-454A-885F-05DB25EADEAF}.Debug|Win32.ActiveCfg = Debug|Win32
		{B77E79BB-1120-454A-885F-05DB25EADEAF}.Debug|Win32.Build.0 = Debug|Win32
		{B77E79BB-1120-454A-885F-05DB25EADEAF}.Debug|x64.ActiveCfg = Debug|x64
		{B77E79BB-1120-454A-885F-05DB25EADEAF}.Debug|x64.Build.0 = Debug|x64
		{B77E79BB-1120-454A-885F-05DB25EADEAF}.Release|Win32.ActiveCfg = Release|Win32
		{B77E79BB-1120-454A-885F-05DB25EADEAF}.Release|Win32.Build.0 = Release|Win32
		{B77E79BB-1120-454A-885F-05DB25EADEAF}.Release|x64.ActiveCfg = Release|x64
		{B77E79BB-1120-454A-885F-05DB25EADEAF}.Release|x64.Build.0 = Release|x64
		{D5D44460-02C8-084A-8108-23BD0252F57C}.Debug|Win32.ActiveCfg = Debug|Win32
		{D5D44460-02C8-084A-8108-23BD0252F57C}.Debug|Win32.Build.0 = Debug|Win32
		{D5D44460-02C8-084A-8108-23BD0252F57C}.Debug|x64.ActiveCfg = Debug|x64
		{D5D44460-02C8-084A-8108-23BD0252F57C}.Debug|x64.Build.0 = Debug|x64
		{D5D44460-02C8-084A-8108-23BD0252F57C}.Release|Win32.ActiveCfg = Release|Win32
		{D5D44460-02C8-084A-8108-23BD0252F57C}.Release|Win32.Build.0 = Release|Win32
		{D5D44460-02C8-084A-8108-23BD0252F57C}.Release|x64.ActiveCfg = Release|x64
		{D5D44460-02C8-084A-8108-23BD0252F57C}.Release|x64.Build.0 = Release|x64
		{60D196FA-27D0-CF40-A0C7-CBB4DFA4851D}.Debug|Win32.ActiveCfg = Debug|Win32
		{60D196FA-27D0-CF40-A0C7-CBB4DFA4851D}.Debug|Win32.Build.0 = Debug|Win32
		{60D196FA-27D0-CF40-A0C7-CBB4DFA4851D}.Debug|x64.ActiveCfg = Debug|x64
		{60D196FA-27D0-CF40-A0C7-CBB4DFA4851D}.Debug|x64.Build.0 = Debug|x64
		{60D196FA-27D0-CF40-A0C7-CBB4DFA4851D}.Release|Win32.ActiveCfg = Release|Win32
		{60D196FA-27D0-CF40-A0C7-CBB4DFA4851D}.Release|Win32.Build.0 = Release|Win32
		{60D196FA-27D0-CF40-A0C7-CBB4DFA4851D}.Release|x64.ActiveCfg = Release|x64
		{60D196FA-27D0-CF40-A0C7-CBB4DFA4851D}.Release|x64.Build.0 = Release|x64
		{FDAAD5A7-19BB-3D40-9C54-6ED92CD149F4}.Debug|Win32.ActiveCfg = Debug|Win32
		{FDAAD5A7-19BB-3D40-9C54-6ED92CD149F4}.Debug|Win32.Build.0 = Debug|Win32
		{FDAAD5A7-19BB-3D40-9C54-6ED92CD149F4}.Debug|x64.ActiveCfg = Debug|x64
		{FDAAD5A7-19BB-3D40-9C54-6ED92CD149F4}.Debug|x64.Build.0 = Debug|x64
		{FDAAD5A7-19BB-3D40-9C54-6ED92CD149F4}.Release|Win32.ActiveCfg = Release|Win32
		{FDAAD5A7-19BB-3D40-9C54-6ED92CD149F4}.Release|Win32.Build.0 = Release|Win32
		{FDAAD5A7-19BB-3D40-9C54-6ED92CD149F4}.Release|x64.ActiveCfg = Release|x64
		{FDAAD5A7-19BB-3D40-9C54-6ED92CD149F4}.Release|x64.Build.0 = Release|x64
		{20EDC325-FD1C-CB4D-A0BF-0FBC104E1EA5}.Debug|Win32.ActiveCfg = Debug|Win32
		{20EDC325-FD1C-CB4D-A0BF-0FBC104E1EA5}.Debug|Win32.Build.0 = Debug|Win32
		{20EDC325-FD1C-CB4D-A0BF-0FBC104E1EA5}.Debug|x64.ActiveCfg = Debug|x64
		{20EDC325-FD1C-CB4D-A0BF-0FBC104E1EA5}.Debug|x64.Build.0 = Debug|x64
		{20EDC325-FD1C-CB4D-A0BF-0FBC104E1EA5}.Release|Win32.ActiveCfg = Release|Win32
		{20EDC325-FD1C-CB4D-A0BF-0FBC104E1EA5}.Release|Win32.Build.0 = Release|Win32
		{20EDC325-FD1C-CB4D-A0BF-0FBC104E1EA5}.Release|x64.ActiveCfg = Release|x64
		{20EDC325-FD1C-CB4D-A0BF-0FBC104E1EA5}.Release|x64.Build.0 = Release|x64
		{DFBB56BE-88FE-6F41-8A4F-66C529F048F6}.Debug|Win32.ActiveCfg = Debug|Win32
		{DFBB56BE-88FE-6F41-8A4F-66C529F048F6}.Debug|Win32.Build.0 = Debug|Win32
		{DFBB56BE-88FE-6F41-8A4F-66C529F048F6}.Debug|x64.ActiveCfg = Debug|x64
		{DFBB56BE-88FE-6F41-8A4F-66C529F048F6}.Debug|x64.Build.0 = Debug|x64
		{DFBB56BE-88FE-6F41-8A4F-66C529F048F6}.Release|Win32.ActiveCfg = Release|Win32
		{DFBB56BE-88FE-6F41-8A4F-66C529F048F6}.Release|Win32.Build.0 = Release|Win32
		{DFBB56BE-88FE-6F41-8A4F-66C529F048F6}.Release|x64.ActiveCfg = Release|x64
		{DFBB56BE-88FE-6F41-8A4F-66C529F048F6}.Release|x64.Build.0 = Release|x64
		{A55DD41A-89CF-4849-BE59-831D27D36186}.Debug|Win32.ActiveCfg = Debug|Win32
		{A55DD41A-89CF-4849-BE59-831D27D36186}.Debug|Win32.Build.0 = Debug|Win32
		{A55DD41A-89CF-4849-BE59-831D27D36186}.Debug|x64.ActiveCfg = Debug|x64
		{A55DD41A-89CF-4849-BE59-831D27D36186}.Debug|x64.Build.0 = Debug|x64
		{A55DD41A-89CF-4849-BE59-831D27D36186}.Release|Win32.ActiveCfg = Release|Win32
		{A55DD41A-89CF-4849-BE59-831D27D36186}.Release|Win32.Build.0 = Release|Win32
		{A55DD41A-89CF-4849-BE59-831D27D36186}.Release|x64.ActiveCfg = Release|x64
		{A55DD41A-89CF-4849-BE59-831D27D36186}.Release|x64.Build.0 = Release|x64
		{F4E2DA48-931B-8242-B1DA-2B5D4F0DC196}.Debug|Win32.ActiveCfg = Debug|Win32
		{F4E2DA48-931B-8242-B1DA-2B5D4F0DC196}.Debug|Win32.Build.0 = Debug|Win32
		{F4E2DA48-931B-8242-B1DA-2B5D4F0DC196}.Debug|x64.ActiveCfg = Debug|x64
		{F4E2DA48-931B-8242-B1DA-2B5D4F0DC196}.Debug|x64.Build.0 = Debug|x64
		{F4E2DA48-931B-8242-B1DA-2B5D4F0DC196}.Release|Win32.ActiveCfg = Release|Win32
		{F4E2DA48-931B-8242-B1DA-2B5D4F0DC196}.Release|Win32.Build.0 = Release|Win32
		{F4E2DA48-931B-8242-B1DA-2B5D4F0DC196}.Release|x64.ActiveCfg = Release|x64
		{F4E2DA48-931B-8242-B1DA-2B5D4F0DC196}.Release|x64.Build.0 = Release|x64
	EndGlobalSection
	GlobalSection(SolutionProperties) = preSolution
		HideSolutionNode = FALSE
	EndGlobalSection
EndGlobal
